
Microsoft Visual Studio Solution File, Format Version 12.00
# Visual Studio Version 16
VisualStudioVersion = 16.0.28803.156
MinimumVisualStudioVersion = 10.0.40219.1
Project("{FAE04EC0-301F-11D3-BF4B-00C04F79EFBC}") = "Paint.Web", "Paint.Web\Paint.Web.csproj", "{D0E31ADA-255D-48AD-A116-0B9CF95DCE0A}"
EndProject
Global
	GlobalSection(SolutionConfigurationPlatforms) = preSolution
		Debug|Any CPU = Debug|Any CPU
		Release|Any CPU = Release|Any CPU
	EndGlobalSection
	GlobalSection(ProjectConfigurationPlatforms) = postSolution
		{D0E31ADA-255D-48AD-A116-0B9CF95DCE0A}.Debug|Any CPU.ActiveCfg = Debug|Any CPU
		{D0E31ADA-255D-48AD-A116-0B9CF95DCE0A}.Debug|Any CPU.Build.0 = Debug|Any CPU
		{D0E31ADA-255D-48AD-A116-0B9CF95DCE0A}.Release|Any CPU.ActiveCfg = Release|Any CPU
		{D0E31ADA-255D-48AD-A116-0B9CF95DCE0A}.Release|Any CPU.Build.0 = Release|Any CPU
	EndGlobalSection
	GlobalSection(SolutionProperties) = preSolution
		HideSolutionNode = FALSE
	EndGlobalSection
	GlobalSection(ExtensibilityGlobals) = postSolution
		SolutionGuid = {D0DECFE7-A83A-44BB-8CA2-AA10FF167250}
	EndGlobalSection
EndGlobal
